
Microsoft Visual Studio Solution File, Format Version 12.00
# Visual Studio Version 17
VisualStudioVersion = 17.5.002.0
MinimumVisualStudioVersion = 10.0.40219.1
Project("{9A19103F-16F7-4668-BE54-9A1E7A4F7556}") = "RetakesPlugin", "RetakesPlugin.csproj", "{49468CC6-92AF-4038-BE91-9FCE0687A989}"
EndProject
Global
	GlobalSection(SolutionConfigurationPlatforms) = preSolution
		Debug|Any CPU = Debug|Any CPU
		Release|Any CPU = Release|Any CPU
	EndGlobalSection
	GlobalSection(ProjectConfigurationPlatforms) = postSolution
		{49468CC6-92AF-4038-BE91-9FCE0687A989}.Debug|Any CPU.ActiveCfg = Debug|Any CPU
		{49468CC6-92AF-4038-BE91-9FCE0687A989}.Debug|Any CPU.Build.0 = Debug|Any CPU
		{49468CC6-92AF-4038-BE91-9FCE0687A989}.Release|Any CPU.ActiveCfg = Release|Any CPU
		{49468CC6-92AF-4038-BE91-9FCE0687A989}.Release|Any CPU.Build.0 = Release|Any CPU
	EndGlobalSection
	GlobalSection(SolutionProperties) = preSolution
		HideSolutionNode = FALSE
	EndGlobalSection
	GlobalSection(ExtensibilityGlobals) = postSolution
		SolutionGuid = {49810708-A540-4920-B202-3DF5E65AFFB2}
	EndGlobalSection
EndGlobal
