Microsoft Visual Studio Solution File, Format Version 12.00
# Visual Studio Version 17
VisualStudioVersion = 17.5.2.0
MinimumVisualStudioVersion = 10.0.40219.1
Project("{FAE04EC0-301F-11D3-BF4B-00C04F79EFBC}") = "RetakesPlugin", "RetakesPlugin\RetakesPlugin.csproj", "{F6E2AF54-E9D9-B7EB-555E-6343749C32C0}"
EndProject
Project("{FAE04EC0-301F-11D3-BF4B-00C04F79EFBC}") = "RetakesPluginShared", "RetakesPluginShared\RetakesPluginShared.csproj", "{6BAD73BC-082E-6842-A759-2AED05066E9F}"
EndProject
Global
	GlobalSection(SolutionConfigurationPlatforms) = preSolution
		Debug|Any CPU = Debug|Any CPU
		Release|Any CPU = Release|Any CPU
	EndGlobalSection
	GlobalSection(ProjectConfigurationPlatforms) = postSolution
		{F6E2AF54-E9D9-B7EB-555E-6343749C32C0}.Debug|Any CPU.ActiveCfg = Debug|Any CPU
		{F6E2AF54-E9D9-B7EB-555E-6343749C32C0}.Debug|Any CPU.Build.0 = Debug|Any CPU
		{F6E2AF54-E9D9-B7EB-555E-6343749C32C0}.Release|Any CPU.ActiveCfg = Release|Any CPU
		{F6E2AF54-E9D9-B7EB-555E-6343749C32C0}.Release|Any CPU.Build.0 = Release|Any CPU
		{6BAD73BC-082E-6842-A759-2AED05066E9F}.Debug|Any CPU.ActiveCfg = Debug|Any CPU
		{6BAD73BC-082E-6842-A759-2AED05066E9F}.Debug|Any CPU.Build.0 = Debug|Any CPU
		{6BAD73BC-082E-6842-A759-2AED05066E9F}.Release|Any CPU.ActiveCfg = Release|Any CPU
		{6BAD73BC-082E-6842-A759-2AED05066E9F}.Release|Any CPU.Build.0 = Release|Any CPU
	EndGlobalSection
	GlobalSection(SolutionProperties) = preSolution
		HideSolutionNode = FALSE
	EndGlobalSection
	GlobalSection(ExtensibilityGlobals) = postSolution
		SolutionGuid = {BC8F8FDE-E6D5-4AC2-B355-801085D41974}
	EndGlobalSection
EndGlobal
